// !$*UTF8*$!
{
	archiveVersion = 1;
	classes = {
	};
	objectVersion = 46;
	objects = {

/* Begin PBXBuildFile section */
		7D8676051E9A2F2800C4022A /* main.m in Sources */ = {isa = PBXBuildFile; fileRef = 7D8676041E9A2F2800C4022A /* main.m */; };
		7D8676081E9A2F2800C4022A /* AppDelegate.m in Sources */ = {isa = PBXBuildFile; fileRef = 7D8676071E9A2F2800C4022A /* AppDelegate.m */; };
		7D86760B1E9A2F2800C4022A /* ViewController.m in Sources */ = {isa = PBXBuildFile; fileRef = 7D86760A1E9A2F2800C4022A /* ViewController.m */; };
		7D86760E1E9A2F2800C4022A /* Main.storyboard in Resources */ = {isa = PBXBuildFile; fileRef = 7D86760C1E9A2F2800C4022A /* Main.storyboard */; };
		7D8676101E9A2F2800C4022A /* Assets.xcassets in Resources */ = {isa = PBXBuildFile; fileRef = 7D86760F1E9A2F2800C4022A /* Assets.xcassets */; };
		7D8676131E9A2F2800C4022A /* LaunchScreen.storyboard in Resources */ = {isa = PBXBuildFile; fileRef = 7D8676111E9A2F2800C4022A /* LaunchScreen.storyboard */; };
		7D86761E1E9A2F2800C4022A /* ZCJGifInIntroDemoTests.m in Sources */ = {isa = PBXBuildFile; fileRef = 7D86761D1E9A2F2800C4022A /* ZCJGifInIntroDemoTests.m */; };
		7D8676291E9A2F2800C4022A /* ZCJGifInIntroDemoUITests.m in Sources */ = {isa = PBXBuildFile; fileRef = 7D8676281E9A2F2800C4022A /* ZCJGifInIntroDemoUITests.m */; };
		7D86763C1E9A2F3D00C4022A /* FLAnimatedImage.m in Sources */ = {isa = PBXBuildFile; fileRef = 7D8676381E9A2F3D00C4022A /* FLAnimatedImage.m */; };
		7D86763D1E9A2F3D00C4022A /* FLAnimatedImageView.m in Sources */ = {isa = PBXBuildFile; fileRef = 7D86763A1E9A2F3D00C4022A /* FLAnimatedImageView.m */; };
		7D86763E1E9A2F3D00C4022A /* Info.plist in Resources */ = {isa = PBXBuildFile; fileRef = 7D86763B1E9A2F3D00C4022A /* Info.plist */; };
		7D8676441E9A2F5A00C4022A /* guideImage_1.gif in Resources */ = {isa = PBXBuildFile; fileRef = 7D8676401E9A2F5A00C4022A /* guideImage_1.gif */; };
		7D8676451E9A2F5A00C4022A /* guideImage_2.gif in Resources */ = {isa = PBXBuildFile; fileRef = 7D8676411E9A2F5A00C4022A /* guideImage_2.gif */; };
		7D8676461E9A2F5A00C4022A /* guideImage_3.gif in Resources */ = {isa = PBXBuildFile; fileRef = 7D8676421E9A2F5A00C4022A /* guideImage_3.gif */; };
		7D8676471E9A2F5A00C4022A /* guideImage_4.gif in Resources */ = {isa = PBXBuildFile; fileRef = 7D8676431E9A2F5A00C4022A /* guideImage_4.gif */; };
		7D86764D1E9A2F7800C4022A /* EAIntroPage.m in Sources */ = {isa = PBXBuildFile; fileRef = 7D86764A1E9A2F7800C4022A /* EAIntroPage.m */; };
		7D86764E1E9A2F7800C4022A /* EAIntroView.m in Sources */ = {isa = PBXBuildFile; fileRef = 7D86764C1E9A2F7800C4022A /* EAIntroView.m */; };
		7D8676511E9A303500C4022A /* EARestrictedScrollView.m in Sources */ = {isa = PBXBuildFile; fileRef = 7D8676501E9A303500C4022A /* EARestrictedScrollView.m */; };
/* End PBXBuildFile section */

/* Begin PBXContainerItemProxy section */
		7D86761A1E9A2F2800C4022A /* PBXContainerItemProxy */ = {
			isa = PBXContainerItemProxy;
			containerPortal = 7D8675F81E9A2F2800C4022A /* Project object */;
			proxyType = 1;
			remoteGlobalIDString = 7D8675FF1E9A2F2800C4022A;
			remoteInfo = ZCJGifInIntroDemo;
		};
		7D8676251E9A2F2800C4022A /* PBXContainerItemProxy */ = {
			isa = PBXContainerItemProxy;
			containerPortal = 7D8675F81E9A2F2800C4022A /* Project object */;
			proxyType = 1;
			remoteGlobalIDString = 7D8675FF1E9A2F2800C4022A;
			remoteInfo = ZCJGifInIntroDemo;
		};
/* End PBXContainerItemProxy section */

/* Begin PBXFileReference section */
		7D8676001E9A2F2800C4022A /* ZCJGifInIntroDemo.app */ = {isa = PBXFileReference; explicitFileType = wrapper.application; includeInIndex = 0; path = ZCJGifInIntroDemo.app; sourceTree = BUILT_PRODUCTS_DIR; };
		7D8676041E9A2F2800C4022A /* main.m */ = {isa = PBXFileReference; lastKnownFileType = sourcecode.c.objc; path = main.m; sourceTree = "<group>"; };
		7D8676061E9A2F2800C4022A /* AppDelegate.h */ = {isa = PBXFileReference; lastKnownFileType = sourcecode.c.h; path = AppDelegate.h; sourceTree = "<group>"; };
		7D8676071E9A2F2800C4022A /* AppDelegate.m */ = {isa = PBXFileReference; lastKnownFileType = sourcecode.c.objc; path = AppDelegate.m; sourceTree = "<group>"; };
		7D8676091E9A2F2800C4022A /* ViewController.h */ = {isa = PBXFileReference; lastKnownFileType = sourcecode.c.h; path = ViewController.h; sourceTree = "<group>"; };
		7D86760A1E9A2F2800C4022A /* ViewController.m */ = {isa = PBXFileReference; lastKnownFileType = sourcecode.c.objc; path = ViewController.m; sourceTree = "<group>"; };
		7D86760D1E9A2F2800C4022A /* Base */ = {isa = PBXFileReference; lastKnownFileType = file.storyboard; name = Base; path = Base.lproj/Main.storyboard; sourceTree = "<group>"; };
		7D86760F1E9A2F2800C4022A /* Assets.xcassets */ = {isa = PBXFileReference; lastKnownFileType = folder.assetcatalog; path = Assets.xcassets; sourceTree = "<group>"; };
		7D8676121E9A2F2800C4022A /* Base */ = {isa = PBXFileReference; lastKnownFileType = file.storyboard; name = Base; path = Base.lproj/LaunchScreen.storyboard; sourceTree = "<group>"; };
		7D8676141E9A2F2800C4022A /* Info.plist */ = {isa = PBXFileReference; lastKnownFileType = text.plist.xml; path = Info.plist; sourceTree = "<group>"; };
		7D8676191E9A2F2800C4022A /* ZCJGifInIntroDemoTests.xctest */ = {isa = PBXFileReference; explicitFileType = wrapper.cfbundle; includeInIndex = 0; path = ZCJGifInIntroDemoTests.xctest; sourceTree = BUILT_PRODUCTS_DIR; };
		7D86761D1E9A2F2800C4022A /* ZCJGifInIntroDemoTests.m */ = {isa = PBXFileReference; lastKnownFileType = sourcecode.c.objc; path = ZCJGifInIntroDemoTests.m; sourceTree = "<group>"; };
		7D86761F1E9A2F2800C4022A /* Info.plist */ = {isa = PBXFileReference; lastKnownFileType = text.plist.xml; path = Info.plist; sourceTree = "<group>"; };
		7D8676241E9A2F2800C4022A /* ZCJGifInIntroDemoUITests.xctest */ = {isa = PBXFileReference; explicitFileType = wrapper.cfbundle; includeInIndex = 0; path = ZCJGifInIntroDemoUITests.xctest; sourceTree = BUILT_PRODUCTS_DIR; };
		7D8676281E9A2F2800C4022A /* ZCJGifInIntroDemoUITests.m */ = {isa = PBXFileReference; lastKnownFileType = sourcecode.c.objc; path = ZCJGifInIntroDemoUITests.m; sourceTree = "<group>"; };
		7D86762A1E9A2F2800C4022A /* Info.plist */ = {isa = PBXFileReference; lastKnownFileType = text.plist.xml; path = Info.plist; sourceTree = "<group>"; };
		7D8676371E9A2F3D00C4022A /* FLAnimatedImage.h */ = {isa = PBXFileReference; fileEncoding = 4; lastKnownFileType = sourcecode.c.h; path = FLAnimatedImage.h; sourceTree = "<group>"; };
		7D8676381E9A2F3D00C4022A /* FLAnimatedImage.m */ = {isa = PBXFileReference; fileEncoding = 4; lastKnownFileType = sourcecode.c.objc; path = FLAnimatedImage.m; sourceTree = "<group>"; };
		7D8676391E9A2F3D00C4022A /* FLAnimatedImageView.h */ = {isa = PBXFileReference; fileEncoding = 4; lastKnownFileType = sourcecode.c.h; path = FLAnimatedImageView.h; sourceTree = "<group>"; };
		7D86763A1E9A2F3D00C4022A /* FLAnimatedImageView.m */ = {isa = PBXFileReference; fileEncoding = 4; lastKnownFileType = sourcecode.c.objc; path = FLAnimatedImageView.m; sourceTree = "<group>"; };
		7D86763B1E9A2F3D00C4022A /* Info.plist */ = {isa = PBXFileReference; fileEncoding = 4; lastKnownFileType = text.plist.xml; path = Info.plist; sourceTree = "<group>"; };
		7D8676401E9A2F5A00C4022A /* guideImage_1.gif */ = {isa = PBXFileReference; lastKnownFileType = image.gif; path = guideImage_1.gif; sourceTree = "<group>"; };
		7D8676411E9A2F5A00C4022A /* guideImage_2.gif */ = {isa = PBXFileReference; lastKnownFileType = image.gif; path = guideImage_2.gif; sourceTree = "<group>"; };
		7D8676421E9A2F5A00C4022A /* guideImage_3.gif */ = {isa = PBXFileReference; lastKnownFileType = image.gif; path = guideImage_3.gif; sourceTree = "<group>"; };
		7D8676431E9A2F5A00C4022A /* guideImage_4.gif */ = {isa = PBXFileReference; lastKnownFileType = image.gif; path = guideImage_4.gif; sourceTree = "<group>"; };
		7D8676491E9A2F7800C4022A /* EAIntroPage.h */ = {isa = PBXFileReference; fileEncoding = 4; lastKnownFileType = sourcecode.c.h; path = EAIntroPage.h; sourceTree = "<group>"; };
		7D86764A1E9A2F7800C4022A /* EAIntroPage.m */ = {isa = PBXFileReference; fileEncoding = 4; lastKnownFileType = sourcecode.c.objc; path = EAIntroPage.m; sourceTree = "<group>"; };
		7D86764B1E9A2F7800C4022A /* EAIntroView.h */ = {isa = PBXFileReference; fileEncoding = 4; lastKnownFileType = sourcecode.c.h; path = EAIntroView.h; sourceTree = "<group>"; };
		7D86764C1E9A2F7800C4022A /* EAIntroView.m */ = {isa = PBXFileReference; fileEncoding = 4; lastKnownFileType = sourcecode.c.objc; path = EAIntroView.m; sourceTree = "<group>"; };
		7D86764F1E9A303500C4022A /* EARestrictedScrollView.h */ = {isa = PBXFileReference; fileEncoding = 4; lastKnownFileType = sourcecode.c.h; path = EARestrictedScrollView.h; sourceTree = "<group>"; };
		7D8676501E9A303500C4022A /* EARestrictedScrollView.m */ = {isa = PBXFileReference; fileEncoding = 4; lastKnownFileType = sourcecode.c.objc; path = EARestrictedScrollView.m; sourceTree = "<group>"; };
/* End PBXFileReference section */

/* Begin PBXFrameworksBuildPhase section */
		7D8675FD1E9A2F2800C4022A /* Frameworks */ = {
			isa = PBXFrameworksBuildPhase;
			buildActionMask = 2147483647;
			files = (
			);
			runOnlyForDeploymentPostprocessing = 0;
		};
		7D8676161E9A2F2800C4022A /* Frameworks */ = {
			isa = PBXFrameworksBuildPhase;
			buildActionMask = 2147483647;
			files = (
			);
			runOnlyForDeploymentPostprocessing = 0;
		};
		7D8676211E9A2F2800C4022A /* Frameworks */ = {
			isa = PBXFrameworksBuildPhase;
			buildActionMask = 2147483647;
			files = (
			);
			runOnlyForDeploymentPostprocessing = 0;
		};
/* End PBXFrameworksBuildPhase section */

/* Begin PBXGroup section */
		7D8675F71E9A2F2800C4022A = {
			isa = PBXGroup;
			children = (
				7D8676021E9A2F2800C4022A /* ZCJGifInIntroDemo */,
				7D86761C1E9A2F2800C4022A /* ZCJGifInIntroDemoTests */,
				7D8676271E9A2F2800C4022A /* ZCJGifInIntroDemoUITests */,
				7D8676011E9A2F2800C4022A /* Products */,
			);
			sourceTree = "<group>";
		};
		7D8676011E9A2F2800C4022A /* Products */ = {
			isa = PBXGroup;
			children = (
				7D8676001E9A2F2800C4022A /* ZCJGifInIntroDemo.app */,
				7D8676191E9A2F2800C4022A /* ZCJGifInIntroDemoTests.xctest */,
				7D8676241E9A2F2800C4022A /* ZCJGifInIntroDemoUITests.xctest */,
			);
			name = Products;
			sourceTree = "<group>";
		};
		7D8676021E9A2F2800C4022A /* ZCJGifInIntroDemo */ = {
			isa = PBXGroup;
			children = (
				7D8676481E9A2F7800C4022A /* EAIntroView */,
				7D86763F1E9A2F5100C4022A /* Images */,
				7D8676361E9A2F3D00C4022A /* FLAnimatedImage */,
				7D8676061E9A2F2800C4022A /* AppDelegate.h */,
				7D8676071E9A2F2800C4022A /* AppDelegate.m */,
				7D8676091E9A2F2800C4022A /* ViewController.h */,
				7D86760A1E9A2F2800C4022A /* ViewController.m */,
				7D86760C1E9A2F2800C4022A /* Main.storyboard */,
				7D86760F1E9A2F2800C4022A /* Assets.xcassets */,
				7D8676111E9A2F2800C4022A /* LaunchScreen.storyboard */,
				7D8676141E9A2F2800C4022A /* Info.plist */,
				7D8676031E9A2F2800C4022A /* Supporting Files */,
			);
			path = ZCJGifInIntroDemo;
			sourceTree = "<group>";
		};
		7D8676031E9A2F2800C4022A /* Supporting Files */ = {
			isa = PBXGroup;
			children = (
				7D8676041E9A2F2800C4022A /* main.m */,
			);
			name = "Supporting Files";
			sourceTree = "<group>";
		};
		7D86761C1E9A2F2800C4022A /* ZCJGifInIntroDemoTests */ = {
			isa = PBXGroup;
			children = (
				7D86761D1E9A2F2800C4022A /* ZCJGifInIntroDemoTests.m */,
				7D86761F1E9A2F2800C4022A /* Info.plist */,
			);
			path = ZCJGifInIntroDemoTests;
			sourceTree = "<group>";
		};
		7D8676271E9A2F2800C4022A /* ZCJGifInIntroDemoUITests */ = {
			isa = PBXGroup;
			children = (
				7D8676281E9A2F2800C4022A /* ZCJGifInIntroDemoUITests.m */,
				7D86762A1E9A2F2800C4022A /* Info.plist */,
			);
			path = ZCJGifInIntroDemoUITests;
			sourceTree = "<group>";
		};
		7D8676361E9A2F3D00C4022A /* FLAnimatedImage */ = {
			isa = PBXGroup;
			children = (
				7D8676371E9A2F3D00C4022A /* FLAnimatedImage.h */,
				7D8676381E9A2F3D00C4022A /* FLAnimatedImage.m */,
				7D8676391E9A2F3D00C4022A /* FLAnimatedImageView.h */,
				7D86763A1E9A2F3D00C4022A /* FLAnimatedImageView.m */,
				7D86763B1E9A2F3D00C4022A /* Info.plist */,
			);
			path = FLAnimatedImage;
			sourceTree = "<group>";
		};
		7D86763F1E9A2F5100C4022A /* Images */ = {
			isa = PBXGroup;
			children = (
				7D8676401E9A2F5A00C4022A /* guideImage_1.gif */,
				7D8676411E9A2F5A00C4022A /* guideImage_2.gif */,
				7D8676421E9A2F5A00C4022A /* guideImage_3.gif */,
				7D8676431E9A2F5A00C4022A /* guideImage_4.gif */,
			);
			path = Images;
			sourceTree = "<group>";
		};
		7D8676481E9A2F7800C4022A /* EAIntroView */ = {
			isa = PBXGroup;
			children = (
				7D86764F1E9A303500C4022A /* EARestrictedScrollView.h */,
				7D8676501E9A303500C4022A /* EARestrictedScrollView.m */,
				7D8676491E9A2F7800C4022A /* EAIntroPage.h */,
				7D86764A1E9A2F7800C4022A /* EAIntroPage.m */,
				7D86764B1E9A2F7800C4022A /* EAIntroView.h */,
				7D86764C1E9A2F7800C4022A /* EAIntroView.m */,
			);
			path = EAIntroView;
			sourceTree = "<group>";
		};
/* End PBXGroup section */

/* Begin PBXNativeTarget section */
		7D8675FF1E9A2F2800C4022A /* ZCJGifInIntroDemo */ = {
			isa = PBXNativeTarget;
			buildConfigurationList = 7D86762D1E9A2F2800C4022A /* Build configuration list for PBXNativeTarget "ZCJGifInIntroDemo" */;
			buildPhases = (
				7D8675FC1E9A2F2800C4022A /* Sources */,
				7D8675FD1E9A2F2800C4022A /* Frameworks */,
				7D8675FE1E9A2F2800C4022A /* Resources */,
			);
			buildRules = (
			);
			dependencies = (
			);
			name = ZCJGifInIntroDemo;
			productName = ZCJGifInIntroDemo;
			productReference = 7D8676001E9A2F2800C4022A /* ZCJGifInIntroDemo.app */;
			productType = "com.apple.product-type.application";
		};
		7D8676181E9A2F2800C4022A /* ZCJGifInIntroDemoTests */ = {
			isa = PBXNativeTarget;
			buildConfigurationList = 7D8676301E9A2F2800C4022A /* Build configuration list for PBXNativeTarget "ZCJGifInIntroDemoTests" */;
			buildPhases = (
				7D8676151E9A2F2800C4022A /* Sources */,
				7D8676161E9A2F2800C4022A /* Frameworks */,
				7D8676171E9A2F2800C4022A /* Resources */,
			);
			buildRules = (
			);
			dependencies = (
				7D86761B1E9A2F2800C4022A /* PBXTargetDependency */,
			);
			name = ZCJGifInIntroDemoTests;
			productName = ZCJGifInIntroDemoTests;
			productReference = 7D8676191E9A2F2800C4022A /* ZCJGifInIntroDemoTests.xctest */;
			productType = "com.apple.product-type.bundle.unit-test";
		};
		7D8676231E9A2F2800C4022A /* ZCJGifInIntroDemoUITests */ = {
			isa = PBXNativeTarget;
			buildConfigurationList = 7D8676331E9A2F2800C4022A /* Build configuration list for PBXNativeTarget "ZCJGifInIntroDemoUITests" */;
			buildPhases = (
				7D8676201E9A2F2800C4022A /* Sources */,
				7D8676211E9A2F2800C4022A /* Frameworks */,
				7D8676221E9A2F2800C4022A /* Resources */,
			);
			buildRules = (
			);
			dependencies = (
				7D8676261E9A2F2800C4022A /* PBXTargetDependency */,
			);
			name = ZCJGifInIntroDemoUITests;
			productName = ZCJGifInIntroDemoUITests;
			productReference = 7D8676241E9A2F2800C4022A /* ZCJGifInIntroDemoUITests.xctest */;
			productType = "com.apple.product-type.bundle.ui-testing";
		};
/* End PBXNativeTarget section */

/* Begin PBXProject section */
		7D8675F81E9A2F2800C4022A /* Project object */ = {
			isa = PBXProject;
			attributes = {
				LastUpgradeCheck = 0830;
				ORGANIZATIONNAME = ZCJ;
				TargetAttributes = {
					7D8675FF1E9A2F2800C4022A = {
						CreatedOnToolsVersion = 8.3;
						DevelopmentTeam = V2U59A6J64;
						ProvisioningStyle = Automatic;
					};
					7D8676181E9A2F2800C4022A = {
						CreatedOnToolsVersion = 8.3;
						DevelopmentTeam = V2U59A6J64;
						ProvisioningStyle = Automatic;
						TestTargetID = 7D8675FF1E9A2F2800C4022A;
					};
					7D8676231E9A2F2800C4022A = {
						CreatedOnToolsVersion = 8.3;
						DevelopmentTeam = V2U59A6J64;
						ProvisioningStyle = Automatic;
						TestTargetID = 7D8675FF1E9A2F2800C4022A;
					};
				};
			};
			buildConfigurationList = 7D8675FB1E9A2F2800C4022A /* Build configuration list for PBXProject "ZCJGifInIntroDemo" */;
			compatibilityVersion = "Xcode 3.2";
			developmentRegion = English;
			hasScannedForEncodings = 0;
			knownRegions = (
				en,
				Base,
			);
			mainGroup = 7D8675F71E9A2F2800C4022A;
			productRefGroup = 7D8676011E9A2F2800C4022A /* Products */;
			projectDirPath = "";
			projectRoot = "";
			targets = (
				7D8675FF1E9A2F2800C4022A /* ZCJGifInIntroDemo */,
				7D8676181E9A2F2800C4022A /* ZCJGifInIntroDemoTests */,
				7D8676231E9A2F2800C4022A /* ZCJGifInIntroDemoUITests */,
			);
		};
/* End PBXProject section */

/* Begin PBXResourcesBuildPhase section */
		7D8675FE1E9A2F2800C4022A /* Resources */ = {
			isa = PBXResourcesBuildPhase;
			buildActionMask = 2147483647;
			files = (
				7D8676471E9A2F5A00C4022A /* guideImage_4.gif in Resources */,
				7D8676461E9A2F5A00C4022A /* guideImage_3.gif in Resources */,
				7D8676451E9A2F5A00C4022A /* guideImage_2.gif in Resources */,
				7D86763E1E9A2F3D00C4022A /* Info.plist in Resources */,
				7D8676131E9A2F2800C4022A /* LaunchScreen.storyboard in Resources */,
				7D8676441E9A2F5A00C4022A /* guideImage_1.gif in Resources */,
				7D8676101E9A2F2800C4022A /* Assets.xcassets in Resources */,
				7D86760E1E9A2F2800C4022A /* Main.storyboard in Resources */,
			);
			runOnlyForDeploymentPostprocessing = 0;
		};
		7D8676171E9A2F2800C4022A /* Resources */ = {
			isa = PBXResourcesBuildPhase;
			buildActionMask = 2147483647;
			files = (
			);
			runOnlyForDeploymentPostprocessing = 0;
		};
		7D8676221E9A2F2800C4022A /* Resources */ = {
			isa = PBXResourcesBuildPhase;
			buildActionMask = 2147483647;
			files = (
			);
			runOnlyForDeploymentPostprocessing = 0;
		};
/* End PBXResourcesBuildPhase section */

/* Begin PBXSourcesBuildPhase section */
		7D8675FC1E9A2F2800C4022A /* Sources */ = {
			isa = PBXSourcesBuildPhase;
			buildActionMask = 2147483647;
			files = (
				7D86763C1E9A2F3D00C4022A /* FLAnimatedImage.m in Sources */,
				7D86760B1E9A2F2800C4022A /* ViewController.m in Sources */,
				7D86763D1E9A2F3D00C4022A /* FLAnimatedImageView.m in Sources */,
				7D8676081E9A2F2800C4022A /* AppDelegate.m in Sources */,
				7D8676511E9A303500C4022A /* EARestrictedScrollView.m in Sources */,
				7D8676051E9A2F2800C4022A /* main.m in Sources */,
				7D86764D1E9A2F7800C4022A /* EAIntroPage.m in Sources */,
				7D86764E1E9A2F7800C4022A /* EAIntroView.m in Sources */,
			);
			runOnlyForDeploymentPostprocessing = 0;
		};
		7D8676151E9A2F2800C4022A /* Sources */ = {
			isa = PBXSourcesBuildPhase;
			buildActionMask = 2147483647;
			files = (
				7D86761E1E9A2F2800C4022A /* ZCJGifInIntroDemoTests.m in Sources */,
			);
			runOnlyForDeploymentPostprocessing = 0;
		};
		7D8676201E9A2F2800C4022A /* Sources */ = {
			isa = PBXSourcesBuildPhase;
			buildActionMask = 2147483647;
			files = (
				7D8676291E9A2F2800C4022A /* ZCJGifInIntroDemoUITests.m in Sources */,
			);
			runOnlyForDeploymentPostprocessing = 0;
		};
/* End PBXSourcesBuildPhase section */

/* Begin PBXTargetDependency section */
		7D86761B1E9A2F2800C4022A /* PBXTargetDependency */ = {
			isa = PBXTargetDependency;
			target = 7D8675FF1E9A2F2800C4022A /* ZCJGifInIntroDemo */;
			targetProxy = 7D86761A1E9A2F2800C4022A /* PBXContainerItemProxy */;
		};
		7D8676261E9A2F2800C4022A /* PBXTargetDependency */ = {
			isa = PBXTargetDependency;
			target = 7D8675FF1E9A2F2800C4022A /* ZCJGifInIntroDemo */;
			targetProxy = 7D8676251E9A2F2800C4022A /* PBXContainerItemProxy */;
		};
/* End PBXTargetDependency section */

/* Begin PBXVariantGroup section */
		7D86760C1E9A2F2800C4022A /* Main.storyboard */ = {
			isa = PBXVariantGroup;
			children = (
				7D86760D1E9A2F2800C4022A /* Base */,
			);
			name = Main.storyboard;
			sourceTree = "<group>";
		};
		7D8676111E9A2F2800C4022A /* LaunchScreen.storyboard */ = {
			isa = PBXVariantGroup;
			children = (
				7D8676121E9A2F2800C4022A /* Base */,
			);
			name = LaunchScreen.storyboard;
			sourceTree = "<group>";
		};
/* End PBXVariantGroup section */

/* Begin XCBuildConfiguration section */
		7D86762B1E9A2F2800C4022A /* Debug */ = {
			isa = XCBuildConfiguration;
			buildSettings = {
				ALWAYS_SEARCH_USER_PATHS = NO;
				CLANG_ANALYZER_NONNULL = YES;
				CLANG_ANALYZER_NUMBER_OBJECT_CONVERSION = YES_AGGRESSIVE;
				CLANG_CXX_LANGUAGE_STANDARD = "gnu++0x";
				CLANG_CXX_LIBRARY = "libc++";
				CLANG_ENABLE_MODULES = YES;
				CLANG_ENABLE_OBJC_ARC = YES;
				CLANG_WARN_BOOL_CONVERSION = YES;
				CLANG_WARN_CONSTANT_CONVERSION = YES;
				CLANG_WARN_DIRECT_OBJC_ISA_USAGE = YES_ERROR;
				CLANG_WARN_DOCUMENTATION_COMMENTS = YES;
				CLANG_WARN_EMPTY_BODY = YES;
				CLANG_WARN_ENUM_CONVERSION = YES;
				CLANG_WARN_INFINITE_RECURSION = YES;
				CLANG_WARN_INT_CONVERSION = YES;
				CLANG_WARN_OBJC_ROOT_CLASS = YES_ERROR;
				CLANG_WARN_SUSPICIOUS_MOVE = YES;
				CLANG_WARN_UNREACHABLE_CODE = YES;
				CLANG_WARN__DUPLICATE_METHOD_MATCH = YES;
				"CODE_SIGN_IDENTITY[sdk=iphoneos*]" = "iPhone Developer";
				COPY_PHASE_STRIP = NO;
				DEBUG_INFORMATION_FORMAT = dwarf;
				ENABLE_STRICT_OBJC_MSGSEND = YES;
				ENABLE_TESTABILITY = YES;
				GCC_C_LANGUAGE_STANDARD = gnu99;
				GCC_DYNAMIC_NO_PIC = NO;
				GCC_NO_COMMON_BLOCKS = YES;
				GCC_OPTIMIZATION_LEVEL = 0;
				GCC_PREPROCESSOR_DEFINITIONS = (
					"DEBUG=1",
					"$(inherited)",
				);
				GCC_WARN_64_TO_32_BIT_CONVERSION = YES;
				GCC_WARN_ABOUT_RETURN_TYPE = YES_ERROR;
				GCC_WARN_UNDECLARED_SELECTOR = YES;
				GCC_WARN_UNINITIALIZED_AUTOS = YES_AGGRESSIVE;
				GCC_WARN_UNUSED_FUNCTION = YES;
				GCC_WARN_UNUSED_VARIABLE = YES;
				IPHONEOS_DEPLOYMENT_TARGET = 10.3;
				MTL_ENABLE_DEBUG_INFO = YES;
				ONLY_ACTIVE_ARCH = YES;
				SDKROOT = iphoneos;
				TARGETED_DEVICE_FAMILY = "1,2";
			};
			name = Debug;
		};
		7D86762C1E9A2F2800C4022A /* Release */ = {
			isa = XCBuildConfiguration;
			buildSettings = {
				ALWAYS_SEARCH_USER_PATHS = NO;
				CLANG_ANALYZER_NONNULL = YES;
				CLANG_ANALYZER_NUMBER_OBJECT_CONVERSION = YES_AGGRESSIVE;
				CLANG_CXX_LANGUAGE_STANDARD = "gnu++0x";
				CLANG_CXX_LIBRARY = "libc++";
				CLANG_ENABLE_MODULES = YES;
				CLANG_ENABLE_OBJC_ARC = YES;
				CLANG_WARN_BOOL_CONVERSION = YES;
				CLANG_WARN_CONSTANT_CONVERSION = YES;
				CLANG_WARN_DIRECT_OBJC_ISA_USAGE = YES_ERROR;
				CLANG_WARN_DOCUMENTATION_COMMENTS = YES;
				CLANG_WARN_EMPTY_BODY = YES;
				CLANG_WARN_ENUM_CONVERSION = YES;
				CLANG_WARN_INFINITE_RECURSION = YES;
				CLANG_WARN_INT_CONVERSION = YES;
				CLANG_WARN_OBJC_ROOT_CLASS = YES_ERROR;
				CLANG_WARN_SUSPICIOUS_MOVE = YES;
				CLANG_WARN_UNREACHABLE_CODE = YES;
				CLANG_WARN__DUPLICATE_METHOD_MATCH = YES;
				"CODE_SIGN_IDENTITY[sdk=iphoneos*]" = "iPhone Developer";
				COPY_PHASE_STRIP = NO;
				DEBUG_INFORMATION_FORMAT = "dwarf-with-dsym";
				ENABLE_NS_ASSERTIONS = NO;
				ENABLE_STRICT_OBJC_MSGSEND = YES;
				GCC_C_LANGUAGE_STANDARD = gnu99;
				GCC_NO_COMMON_BLOCKS = YES;
				GCC_WARN_64_TO_32_BIT_CONVERSION = YES;
				GCC_WARN_ABOUT_RETURN_TYPE = YES_ERROR;
				GCC_WARN_UNDECLARED_SELECTOR = YES;
				GCC_WARN_UNINITIALIZED_AUTOS = YES_AGGRESSIVE;
				GCC_WARN_UNUSED_FUNCTION = YES;
				GCC_WARN_UNUSED_VARIABLE = YES;
				IPHONEOS_DEPLOYMENT_TARGET = 10.3;
				MTL_ENABLE_DEBUG_INFO = NO;
				SDKROOT = iphoneos;
				TARGETED_DEVICE_FAMILY = "1,2";
				VALIDATE_PRODUCT = YES;
			};
			name = Release;
		};
		7D86762E1E9A2F2800C4022A /* Debug */ = {
			isa = XCBuildConfiguration;
			buildSettings = {
				ASSETCATALOG_COMPILER_APPICON_NAME = AppIcon;
				DEVELOPMENT_TEAM = V2U59A6J64;
				INFOPLIST_FILE = ZCJGifInIntroDemo/Info.plist;
				LD_RUNPATH_SEARCH_PATHS = "$(inherited) @executable_path/Frameworks";
				PRODUCT_BUNDLE_IDENTIFIER = zcj.ZCJGifInIntroDemo;
				PRODUCT_NAME = "$(TARGET_NAME)";
			};
			name = Debug;
		};
		7D86762F1E9A2F2800C4022A /* Release */ = {
			isa = XCBuildConfiguration;
			buildSettings = {
				ASSETCATALOG_COMPILER_APPICON_NAME = AppIcon;
				DEVELOPMENT_TEAM = V2U59A6J64;
				INFOPLIST_FILE = ZCJGifInIntroDemo/Info.plist;
				LD_RUNPATH_SEARCH_PATHS = "$(inherited) @executable_path/Frameworks";
				PRODUCT_BUNDLE_IDENTIFIER = zcj.ZCJGifInIntroDemo;
				PRODUCT_NAME = "$(TARGET_NAME)";
			};
			name = Release;
		};
		7D8676311E9A2F2800C4022A /* Debug */ = {
			isa = XCBuildConfiguration;
			buildSettings = {
				BUNDLE_LOADER = "$(TEST_HOST)";
				DEVELOPMENT_TEAM = V2U59A6J64;
				INFOPLIST_FILE = ZCJGifInIntroDemoTests/Info.plist;
				LD_RUNPATH_SEARCH_PATHS = "$(inherited) @executable_path/Frameworks @loader_path/Frameworks";
				PRODUCT_BUNDLE_IDENTIFIER = zcj.ZCJGifInIntroDemoTests;
				PRODUCT_NAME = "$(TARGET_NAME)";
				TEST_HOST = "$(BUILT_PRODUCTS_DIR)/ZCJGifInIntroDemo.app/ZCJGifInIntroDemo";
			};
			name = Debug;
		};
		7D8676321E9A2F2800C4022A /* Release */ = {
			isa = XCBuildConfiguration;
			buildSettings = {
				BUNDLE_LOADER = "$(TEST_HOST)";
				DEVELOPMENT_TEAM = V2U59A6J64;
				INFOPLIST_FILE = ZCJGifInIntroDemoTests/Info.plist;
				LD_RUNPATH_SEARCH_PATHS = "$(inherited) @executable_path/Frameworks @loader_path/Frameworks";
				PRODUCT_BUNDLE_IDENTIFIER = zcj.ZCJGifInIntroDemoTests;
				PRODUCT_NAME = "$(TARGET_NAME)";
				TEST_HOST = "$(BUILT_PRODUCTS_DIR)/ZCJGifInIntroDemo.app/ZCJGifInIntroDemo";
			};
			name = Release;
		};
		7D8676341E9A2F2800C4022A /* Debug */ = {
			isa = XCBuildConfiguration;
			buildSettings = {
				DEVELOPMENT_TEAM = V2U59A6J64;
				INFOPLIST_FILE = ZCJGifInIntroDemoUITests/Info.plist;
				LD_RUNPATH_SEARCH_PATHS = "$(inherited) @executable_path/Frameworks @loader_path/Frameworks";
				PRODUCT_BUNDLE_IDENTIFIER = zcj.ZCJGifInIntroDemoUITests;
				PRODUCT_NAME = "$(TARGET_NAME)";
				TEST_TARGET_NAME = ZCJGifInIntroDemo;
			};
			name = Debug;
		};
		7D8676351E9A2F2800C4022A /* Release */ = {
			isa = XCBuildConfiguration;
			buildSettings = {
				DEVELOPMENT_TEAM = V2U59A6J64;
				INFOPLIST_FILE = ZCJGifInIntroDemoUITests/Info.plist;
				LD_RUNPATH_SEARCH_PATHS = "$(inherited) @executable_path/Frameworks @loader_path/Frameworks";
				PRODUCT_BUNDLE_IDENTIFIER = zcj.ZCJGifInIntroDemoUITests;
				PRODUCT_NAME = "$(TARGET_NAME)";
				TEST_TARGET_NAME = ZCJGifInIntroDemo;
			};
			name = Release;
		};
/* End XCBuildConfiguration section */

/* Begin XCConfigurationList section */
		7D8675FB1E9A2F2800C4022A /* Build configuration list for PBXProject "ZCJGifInIntroDemo" */ = {
			isa = XCConfigurationList;
			buildConfigurations = (
				7D86762B1E9A2F2800C4022A /* Debug */,
				7D86762C1E9A2F2800C4022A /* Release */,
			);
			defaultConfigurationIsVisible = 0;
			defaultConfigurationName = Release;
		};
		7D86762D1E9A2F2800C4022A /* Build configuration list for PBXNativeTarget "ZCJGifInIntroDemo" */ = {
			isa = XCConfigurationList;
			buildConfigurations = (
				7D86762E1E9A2F2800C4022A /* Debug */,
				7D86762F1E9A2F2800C4022A /* Release */,
			);
			defaultConfigurationIsVisible = 0;
		};
		7D8676301E9A2F2800C4022A /* Build configuration list for PBXNativeTarget "ZCJGifInIntroDemoTests" */ = {
			isa = XCConfigurationList;
			buildConfigurations = (
				7D8676311E9A2F2800C4022A /* Debug */,
				7D8676321E9A2F2800C4022A /* Release */,
			);
			defaultConfigurationIsVisible = 0;
		};
		7D8676331E9A2F2800C4022A /* Build configuration list for PBXNativeTarget "ZCJGifInIntroDemoUITests" */ = {
			isa = XCConfigurationList;
			buildConfigurations = (
				7D8676341E9A2F2800C4022A /* Debug */,
				7D8676351E9A2F2800C4022A /* Release */,
			);
			defaultConfigurationIsVisible = 0;
		};
/* End XCConfigurationList section */
	};
	rootObject = 7D8675F81E9A2F2800C4022A /* Project object */;
}
